{
  "name": "gemini-cli-bridge",
  "version": "0.1.0",
  "lockfileVersion": 3,
  "requires": true,
  "packages": {
    "": {
      "name": "gemini-cli-bridge",
      "version": "0.1.0",
      "license": "MIT",
      "bin": {
        "gcb": "bin/gemini-cli-bridge.js",
        "gemini-cli-bridge": "bin/gemini-cli-bridge.js"
      },
      "engines": {
        "node": ">=20"
      }
    }
  }
}
